// !$*UTF8*$!
{
	archiveVersion = 1;
	classes = {
	};
	objectVersion = 56;
	objects = {

/* Begin PBXBuildFile section */
		C497233F296EDDCD00593AF2 /* BudgetAppApp.swift in Sources */ = {isa = PBXBuildFile; fileRef = C497233E296EDDCD00593AF2 /* BudgetAppApp.swift */; };
		C4972341296EDDCD00593AF2 /* ContentView.swift in Sources */ = {isa = PBXBuildFile; fileRef = C4972340296EDDCD00593AF2 /* ContentView.swift */; };
		C4972343296EDDCD00593AF2 /* Assets.xcassets in Resources */ = {isa = PBXBuildFile; fileRef = C4972342296EDDCD00593AF2 /* Assets.xcassets */; };
		C4972346296EDDCD00593AF2 /* Preview Assets.xcassets in Resources */ = {isa = PBXBuildFile; fileRef = C4972345296EDDCD00593AF2 /* Preview Assets.xcassets */; };
		C497234E296EE23600593AF2 /* BudgetModel.xcdatamodeld in Sources */ = {isa = PBXBuildFile; fileRef = C497234C296EE23600593AF2 /* BudgetModel.xcdatamodeld */; };
		C4972352296EE37A00593AF2 /* BudgetCategory+CoreDataClass.swift in Sources */ = {isa = PBXBuildFile; fileRef = C4972351296EE37A00593AF2 /* BudgetCategory+CoreDataClass.swift */; };
		C4972355296EE40400593AF2 /* CoreDataManager.swift in Sources */ = {isa = PBXBuildFile; fileRef = C4972354296EE40400593AF2 /* CoreDataManager.swift */; };
		C4972358296EE57100593AF2 /* AddBudgetCategoryView.swift in Sources */ = {isa = PBXBuildFile; fileRef = C4972357296EE57100593AF2 /* AddBudgetCategoryView.swift */; };
		C497235B296EE67900593AF2 /* NumberFormatter+Extensions.swift in Sources */ = {isa = PBXBuildFile; fileRef = C497235A296EE67900593AF2 /* NumberFormatter+Extensions.swift */; };
		C497235D296EE8EF00593AF2 /* BudgetListView.swift in Sources */ = {isa = PBXBuildFile; fileRef = C497235C296EE8EF00593AF2 /* BudgetListView.swift */; };
		C497235F296EFC5700593AF2 /* Transaction+CoreDataClass.swift in Sources */ = {isa = PBXBuildFile; fileRef = C497235E296EFC5700593AF2 /* Transaction+CoreDataClass.swift */; };
		C4972361296EFC7800593AF2 /* BudgetDetailView.swift in Sources */ = {isa = PBXBuildFile; fileRef = C4972360296EFC7800593AF2 /* BudgetDetailView.swift */; };
		C4972363296F001700593AF2 /* TransactionListView.swift in Sources */ = {isa = PBXBuildFile; fileRef = C4972362296F001700593AF2 /* TransactionListView.swift */; };
		C4972365296F035300593AF2 /* BudgetSummaryView.swift in Sources */ = {isa = PBXBuildFile; fileRef = C4972364296F035300593AF2 /* BudgetSummaryView.swift */; };
/* End PBXBuildFile section */

/* Begin PBXFileReference section */
		C497233B296EDDCD00593AF2 /* BudgetApp.app */ = {isa = PBXFileReference; explicitFileType = wrapper.application; includeInIndex = 0; path = BudgetApp.app; sourceTree = BUILT_PRODUCTS_DIR; };
		C497233E296EDDCD00593AF2 /* BudgetAppApp.swift */ = {isa = PBXFileReference; lastKnownFileType = sourcecode.swift; path = BudgetAppApp.swift; sourceTree = "<group>"; };
		C4972340296EDDCD00593AF2 /* ContentView.swift */ = {isa = PBXFileReference; lastKnownFileType = sourcecode.swift; path = ContentView.swift; sourceTree = "<group>"; };
		C4972342296EDDCD00593AF2 /* Assets.xcassets */ = {isa = PBXFileReference; lastKnownFileType = folder.assetcatalog; path = Assets.xcassets; sourceTree = "<group>"; };
		C4972345296EDDCD00593AF2 /* Preview Assets.xcassets */ = {isa = PBXFileReference; lastKnownFileType = folder.assetcatalog; path = "Preview Assets.xcassets"; sourceTree = "<group>"; };
		C497234D296EE23600593AF2 /* BudgetModel.xcdatamodel */ = {isa = PBXFileReference; lastKnownFileType = wrapper.xcdatamodel; path = BudgetModel.xcdatamodel; sourceTree = "<group>"; };
		C4972351296EE37A00593AF2 /* BudgetCategory+CoreDataClass.swift */ = {isa = PBXFileReference; lastKnownFileType = sourcecode.swift; path = "BudgetCategory+CoreDataClass.swift"; sourceTree = "<group>"; };
		C4972354296EE40400593AF2 /* CoreDataManager.swift */ = {isa = PBXFileReference; lastKnownFileType = sourcecode.swift; path = CoreDataManager.swift; sourceTree = "<group>"; };
		C4972357296EE57100593AF2 /* AddBudgetCategoryView.swift */ = {isa = PBXFileReference; lastKnownFileType = sourcecode.swift; path = AddBudgetCategoryView.swift; sourceTree = "<group>"; };
		C497235A296EE67900593AF2 /* NumberFormatter+Extensions.swift */ = {isa = PBXFileReference; lastKnownFileType = sourcecode.swift; path = "NumberFormatter+Extensions.swift"; sourceTree = "<group>"; };
		C497235C296EE8EF00593AF2 /* BudgetListView.swift */ = {isa = PBXFileReference; lastKnownFileType = sourcecode.swift; path = BudgetListView.swift; sourceTree = "<group>"; };
		C497235E296EFC5700593AF2 /* Transaction+CoreDataClass.swift */ = {isa = PBXFileReference; lastKnownFileType = sourcecode.swift; path = "Transaction+CoreDataClass.swift"; sourceTree = "<group>"; };
		C4972360296EFC7800593AF2 /* BudgetDetailView.swift */ = {isa = PBXFileReference; lastKnownFileType = sourcecode.swift; path = BudgetDetailView.swift; sourceTree = "<group>"; };
		C4972362296F001700593AF2 /* TransactionListView.swift */ = {isa = PBXFileReference; lastKnownFileType = sourcecode.swift; path = TransactionListView.swift; sourceTree = "<group>"; };
		C4972364296F035300593AF2 /* BudgetSummaryView.swift */ = {isa = PBXFileReference; lastKnownFileType = sourcecode.swift; path = BudgetSummaryView.swift; sourceTree = "<group>"; };
/* End PBXFileReference section */

/* Begin PBXFrameworksBuildPhase section */
		C4972338296EDDCD00593AF2 /* Frameworks */ = {
			isa = PBXFrameworksBuildPhase;
			buildActionMask = 2147483647;
			files = (
			);
			runOnlyForDeploymentPostprocessing = 0;
		};
/* End PBXFrameworksBuildPhase section */

/* Begin PBXGroup section */
		C4972332296EDDCD00593AF2 = {
			isa = PBXGroup;
			children = (
				C497233D296EDDCD00593AF2 /* BudgetApp */,
				C497233C296EDDCD00593AF2 /* Products */,
			);
			sourceTree = "<group>";
		};
		C497233C296EDDCD00593AF2 /* Products */ = {
			isa = PBXGroup;
			children = (
				C497233B296EDDCD00593AF2 /* BudgetApp.app */,
			);
			name = Products;
			sourceTree = "<group>";
		};
		C497233D296EDDCD00593AF2 /* BudgetApp */ = {
			isa = PBXGroup;
			children = (
				C4972359296EE66500593AF2 /* Extensions */,
				C4972356296EE56200593AF2 /* Views */,
				C4972353296EE3F500593AF2 /* Managers */,
				C497234F296EE34D00593AF2 /* Models */,
				C497233E296EDDCD00593AF2 /* BudgetAppApp.swift */,
				C4972340296EDDCD00593AF2 /* ContentView.swift */,
				C4972342296EDDCD00593AF2 /* Assets.xcassets */,
				C4972344296EDDCD00593AF2 /* Preview Content */,
				C497234C296EE23600593AF2 /* BudgetModel.xcdatamodeld */,
			);
			path = BudgetApp;
			sourceTree = "<group>";
		};
		C4972344296EDDCD00593AF2 /* Preview Content */ = {
			isa = PBXGroup;
			children = (
				C4972345296EDDCD00593AF2 /* Preview Assets.xcassets */,
			);
			path = "Preview Content";
			sourceTree = "<group>";
		};
		C497234F296EE34D00593AF2 /* Models */ = {
			isa = PBXGroup;
			children = (
				C4972350296EE35700593AF2 /* Extensions */,
			);
			path = Models;
			sourceTree = "<group>";
		};
		C4972350296EE35700593AF2 /* Extensions */ = {
			isa = PBXGroup;
			children = (
				C4972351296EE37A00593AF2 /* BudgetCategory+CoreDataClass.swift */,
				C497235E296EFC5700593AF2 /* Transaction+CoreDataClass.swift */,
			);
			path = Extensions;
			sourceTree = "<group>";
		};
		C4972353296EE3F500593AF2 /* Managers */ = {
			isa = PBXGroup;
			children = (
				C4972354296EE40400593AF2 /* CoreDataManager.swift */,
			);
			path = Managers;
			sourceTree = "<group>";
		};
		C4972356296EE56200593AF2 /* Views */ = {
			isa = PBXGroup;
			children = (
				C4972357296EE57100593AF2 /* AddBudgetCategoryView.swift */,
				C497235C296EE8EF00593AF2 /* BudgetListView.swift */,
				C4972360296EFC7800593AF2 /* BudgetDetailView.swift */,
				C4972362296F001700593AF2 /* TransactionListView.swift */,
				C4972364296F035300593AF2 /* BudgetSummaryView.swift */,
			);
			path = Views;
			sourceTree = "<group>";
		};
		C4972359296EE66500593AF2 /* Extensions */ = {
			isa = PBXGroup;
			children = (
				C497235A296EE67900593AF2 /* NumberFormatter+Extensions.swift */,
			);
			path = Extensions;
			sourceTree = "<group>";
		};
/* End PBXGroup section */

/* Begin PBXNativeTarget section */
		C497233A296EDDCD00593AF2 /* BudgetApp */ = {
			isa = PBXNativeTarget;
			buildConfigurationList = C4972349296EDDCD00593AF2 /* Build configuration list for PBXNativeTarget "BudgetApp" */;
			buildPhases = (
				C4972337296EDDCD00593AF2 /* Sources */,
				C4972338296EDDCD00593AF2 /* Frameworks */,
				C4972339296EDDCD00593AF2 /* Resources */,
			);
			buildRules = (
			);
			dependencies = (
			);
			name = BudgetApp;
			productName = BudgetApp;
			productReference = C497233B296EDDCD00593AF2 /* BudgetApp.app */;
			productType = "com.apple.product-type.application";
		};
/* End PBXNativeTarget section */

/* Begin PBXProject section */
		C4972333296EDDCD00593AF2 /* Project object */ = {
			isa = PBXProject;
			attributes = {
				BuildIndependentTargetsInParallel = 1;
				LastSwiftUpdateCheck = 1420;
				LastUpgradeCheck = 1420;
				TargetAttributes = {
					C497233A296EDDCD00593AF2 = {
						CreatedOnToolsVersion = 14.2;
					};
				};
			};
			buildConfigurationList = C4972336296EDDCD00593AF2 /* Build configuration list for PBXProject "BudgetApp" */;
			compatibilityVersion = "Xcode 14.0";
			developmentRegion = en;
			hasScannedForEncodings = 0;
			knownRegions = (
				en,
				Base,
			);
			mainGroup = C4972332296EDDCD00593AF2;
			productRefGroup = C497233C296EDDCD00593AF2 /* Products */;
			projectDirPath = "";
			projectRoot = "";
			targets = (
				C497233A296EDDCD00593AF2 /* BudgetApp */,
			);
		};
/* End PBXProject section */

/* Begin PBXResourcesBuildPhase section */
		C4972339296EDDCD00593AF2 /* Resources */ = {
			isa = PBXResourcesBuildPhase;
			buildActionMask = 2147483647;
			files = (
				C4972346296EDDCD00593AF2 /* Preview Assets.xcassets in Resources */,
				C4972343296EDDCD00593AF2 /* Assets.xcassets in Resources */,
			);
			runOnlyForDeploymentPostprocessing = 0;
		};
/* End PBXResourcesBuildPhase section */

/* Begin PBXSourcesBuildPhase section */
		C4972337296EDDCD00593AF2 /* Sources */ = {
			isa = PBXSourcesBuildPhase;
			buildActionMask = 2147483647;
			files = (
				C4972341296EDDCD00593AF2 /* ContentView.swift in Sources */,
				C497235D296EE8EF00593AF2 /* BudgetListView.swift in Sources */,
				C497233F296EDDCD00593AF2 /* BudgetAppApp.swift in Sources */,
				C497235B296EE67900593AF2 /* NumberFormatter+Extensions.swift in Sources */,
				C497235F296EFC5700593AF2 /* Transaction+CoreDataClass.swift in Sources */,
				C4972352296EE37A00593AF2 /* BudgetCategory+CoreDataClass.swift in Sources */,
				C4972365296F035300593AF2 /* BudgetSummaryView.swift in Sources */,
				C4972361296EFC7800593AF2 /* BudgetDetailView.swift in Sources */,
				C4972358296EE57100593AF2 /* AddBudgetCategoryView.swift in Sources */,
				C4972363296F001700593AF2 /* TransactionListView.swift in Sources */,
				C4972355296EE40400593AF2 /* CoreDataManager.swift in Sources */,
				C497234E296EE23600593AF2 /* BudgetModel.xcdatamodeld in Sources */,
			);
			runOnlyForDeploymentPostprocessing = 0;
		};
/* End PBXSourcesBuildPhase section */

/* Begin XCBuildConfiguration section */
		C4972347296EDDCD00593AF2 /* Debug */ = {
			isa = XCBuildConfiguration;
			buildSettings = {
				ALWAYS_SEARCH_USER_PATHS = NO;
				CLANG_ANALYZER_NONNULL = YES;
				CLANG_ANALYZER_NUMBER_OBJECT_CONVERSION = YES_AGGRESSIVE;
				CLANG_CXX_LANGUAGE_STANDARD = "gnu++20";
				CLANG_ENABLE_MODULES = YES;
				CLANG_ENABLE_OBJC_ARC = YES;
				CLANG_ENABLE_OBJC_WEAK = YES;
				CLANG_WARN_BLOCK_CAPTURE_AUTORELEASING = YES;
				CLANG_WARN_BOOL_CONVERSION = YES;
				CLANG_WARN_COMMA = YES;
				CLANG_WARN_CONSTANT_CONVERSION = YES;
				CLANG_WARN_DEPRECATED_OBJC_IMPLEMENTATIONS = YES;
				CLANG_WARN_DIRECT_OBJC_ISA_USAGE = YES_ERROR;
				CLANG_WARN_DOCUMENTATION_COMMENTS = YES;
				CLANG_WARN_EMPTY_BODY = YES;
				CLANG_WARN_ENUM_CONVERSION = YES;
				CLANG_WARN_INFINITE_RECURSION = YES;
				CLANG_WARN_INT_CONVERSION = YES;
				CLANG_WARN_NON_LITERAL_NULL_CONVERSION = YES;
				CLANG_WARN_OBJC_IMPLICIT_RETAIN_SELF = YES;
				CLANG_WARN_OBJC_LITERAL_CONVERSION = YES;
				CLANG_WARN_OBJC_ROOT_CLASS = YES_ERROR;
				CLANG_WARN_QUOTED_INCLUDE_IN_FRAMEWORK_HEADER = YES;
				CLANG_WARN_RANGE_LOOP_ANALYSIS = YES;
				CLANG_WARN_STRICT_PROTOTYPES = YES;
				CLANG_WARN_SUSPICIOUS_MOVE = YES;
				CLANG_WARN_UNGUARDED_AVAILABILITY = YES_AGGRESSIVE;
				CLANG_WARN_UNREACHABLE_CODE = YES;
				CLANG_WARN__DUPLICATE_METHOD_MATCH = YES;
				COPY_PHASE_STRIP = NO;
				DEBUG_INFORMATION_FORMAT = dwarf;
				ENABLE_STRICT_OBJC_MSGSEND = YES;
				ENABLE_TESTABILITY = YES;
				GCC_C_LANGUAGE_STANDARD = gnu11;
				GCC_DYNAMIC_NO_PIC = NO;
				GCC_NO_COMMON_BLOCKS = YES;
				GCC_OPTIMIZATION_LEVEL = 0;
				GCC_PREPROCESSOR_DEFINITIONS = (
					"DEBUG=1",
					"$(inherited)",
				);
				GCC_WARN_64_TO_32_BIT_CONVERSION = YES;
				GCC_WARN_ABOUT_RETURN_TYPE = YES_ERROR;
				GCC_WARN_UNDECLARED_SELECTOR = YES;
				GCC_WARN_UNINITIALIZED_AUTOS = YES_AGGRESSIVE;
				GCC_WARN_UNUSED_FUNCTION = YES;
				GCC_WARN_UNUSED_VARIABLE = YES;
				IPHONEOS_DEPLOYMENT_TARGET = 16.2;
				MTL_ENABLE_DEBUG_INFO = INCLUDE_SOURCE;
				MTL_FAST_MATH = YES;
				ONLY_ACTIVE_ARCH = YES;
				SDKROOT = iphoneos;
				SWIFT_ACTIVE_COMPILATION_CONDITIONS = DEBUG;
				SWIFT_OPTIMIZATION_LEVEL = "-Onone";
			};
			name = Debug;
		};
		C4972348296EDDCD00593AF2 /* Release */ = {
			isa = XCBuildConfiguration;
			buildSettings = {
				ALWAYS_SEARCH_USER_PATHS = NO;
				CLANG_ANALYZER_NONNULL = YES;
				CLANG_ANALYZER_NUMBER_OBJECT_CONVERSION = YES_AGGRESSIVE;
				CLANG_CXX_LANGUAGE_STANDARD = "gnu++20";
				CLANG_ENABLE_MODULES = YES;
				CLANG_ENABLE_OBJC_ARC = YES;
				CLANG_ENABLE_OBJC_WEAK = YES;
				CLANG_WARN_BLOCK_CAPTURE_AUTORELEASING = YES;
				CLANG_WARN_BOOL_CONVERSION = YES;
				CLANG_WARN_COMMA = YES;
				CLANG_WARN_CONSTANT_CONVERSION = YES;
				CLANG_WARN_DEPRECATED_OBJC_IMPLEMENTATIONS = YES;
				CLANG_WARN_DIRECT_OBJC_ISA_USAGE = YES_ERROR;
				CLANG_WARN_DOCUMENTATION_COMMENTS = YES;
				CLANG_WARN_EMPTY_BODY = YES;
				CLANG_WARN_ENUM_CONVERSION = YES;
				CLANG_WARN_INFINITE_RECURSION = YES;
				CLANG_WARN_INT_CONVERSION = YES;
				CLANG_WARN_NON_LITERAL_NULL_CONVERSION = YES;
				CLANG_WARN_OBJC_IMPLICIT_RETAIN_SELF = YES;
				CLANG_WARN_OBJC_LITERAL_CONVERSION = YES;
				CLANG_WARN_OBJC_ROOT_CLASS = YES_ERROR;
				CLANG_WARN_QUOTED_INCLUDE_IN_FRAMEWORK_HEADER = YES;
				CLANG_WARN_RANGE_LOOP_ANALYSIS = YES;
				CLANG_WARN_STRICT_PROTOTYPES = YES;
				CLANG_WARN_SUSPICIOUS_MOVE = YES;
				CLANG_WARN_UNGUARDED_AVAILABILITY = YES_AGGRESSIVE;
				CLANG_WARN_UNREACHABLE_CODE = YES;
				CLANG_WARN__DUPLICATE_METHOD_MATCH = YES;
				COPY_PHASE_STRIP = NO;
				DEBUG_INFORMATION_FORMAT = "dwarf-with-dsym";
				ENABLE_NS_ASSERTIONS = NO;
				ENABLE_STRICT_OBJC_MSGSEND = YES;
				GCC_C_LANGUAGE_STANDARD = gnu11;
				GCC_NO_COMMON_BLOCKS = YES;
				GCC_WARN_64_TO_32_BIT_CONVERSION = YES;
				GCC_WARN_ABOUT_RETURN_TYPE = YES_ERROR;
				GCC_WARN_UNDECLARED_SELECTOR = YES;
				GCC_WARN_UNINITIALIZED_AUTOS = YES_AGGRESSIVE;
				GCC_WARN_UNUSED_FUNCTION = YES;
				GCC_WARN_UNUSED_VARIABLE = YES;
				IPHONEOS_DEPLOYMENT_TARGET = 16.2;
				MTL_ENABLE_DEBUG_INFO = NO;
				MTL_FAST_MATH = YES;
				SDKROOT = iphoneos;
				SWIFT_COMPILATION_MODE = wholemodule;
				SWIFT_OPTIMIZATION_LEVEL = "-O";
				VALIDATE_PRODUCT = YES;
			};
			name = Release;
		};
		C497234A296EDDCD00593AF2 /* Debug */ = {
			isa = XCBuildConfiguration;
			buildSettings = {
				ASSETCATALOG_COMPILER_APPICON_NAME = AppIcon;
				ASSETCATALOG_COMPILER_GLOBAL_ACCENT_COLOR_NAME = AccentColor;
				CODE_SIGN_STYLE = Automatic;
				CURRENT_PROJECT_VERSION = 1;
				DEVELOPMENT_ASSET_PATHS = "\"BudgetApp/Preview Content\"";
				DEVELOPMENT_TEAM = 35W7TZ9DUM;
				ENABLE_PREVIEWS = YES;
				GENERATE_INFOPLIST_FILE = YES;
				INFOPLIST_KEY_UIApplicationSceneManifest_Generation = YES;
				INFOPLIST_KEY_UIApplicationSupportsIndirectInputEvents = YES;
				INFOPLIST_KEY_UILaunchScreen_Generation = YES;
				INFOPLIST_KEY_UISupportedInterfaceOrientations_iPad = "UIInterfaceOrientationPortrait UIInterfaceOrientationPortraitUpsideDown UIInterfaceOrientationLandscapeLeft UIInterfaceOrientationLandscapeRight";
				INFOPLIST_KEY_UISupportedInterfaceOrientations_iPhone = "UIInterfaceOrientationPortrait UIInterfaceOrientationLandscapeLeft UIInterfaceOrientationLandscapeRight";
				LD_RUNPATH_SEARCH_PATHS = (
					"$(inherited)",
					"@executable_path/Frameworks",
				);
				MARKETING_VERSION = 1.0;
				PRODUCT_BUNDLE_IDENTIFIER = com.paigesoftware.BudgetApp;
				PRODUCT_NAME = "$(TARGET_NAME)";
				SWIFT_EMIT_LOC_STRINGS = YES;
				SWIFT_VERSION = 5.0;
				TARGETED_DEVICE_FAMILY = "1,2";
			};
			name = Debug;
		};
		C497234B296EDDCD00593AF2 /* Release */ = {
			isa = XCBuildConfiguration;
			buildSettings = {
				ASSETCATALOG_COMPILER_APPICON_NAME = AppIcon;
				ASSETCATALOG_COMPILER_GLOBAL_ACCENT_COLOR_NAME = AccentColor;
				CODE_SIGN_STYLE = Automatic;
				CURRENT_PROJECT_VERSION = 1;
				DEVELOPMENT_ASSET_PATHS = "\"BudgetApp/Preview Content\"";
				DEVELOPMENT_TEAM = 35W7TZ9DUM;
				ENABLE_PREVIEWS = YES;
				GENERATE_INFOPLIST_FILE = YES;
				INFOPLIST_KEY_UIApplicationSceneManifest_Generation = YES;
				INFOPLIST_KEY_UIApplicationSupportsIndirectInputEvents = YES;
				INFOPLIST_KEY_UILaunchScreen_Generation = YES;
				INFOPLIST_KEY_UISupportedInterfaceOrientations_iPad = "UIInterfaceOrientationPortrait UIInterfaceOrientationPortraitUpsideDown UIInterfaceOrientationLandscapeLeft UIInterfaceOrientationLandscapeRight";
				INFOPLIST_KEY_UISupportedInterfaceOrientations_iPhone = "UIInterfaceOrientationPortrait UIInterfaceOrientationLandscapeLeft UIInterfaceOrientationLandscapeRight";
				LD_RUNPATH_SEARCH_PATHS = (
					"$(inherited)",
					"@executable_path/Frameworks",
				);
				MARKETING_VERSION = 1.0;
				PRODUCT_BUNDLE_IDENTIFIER = com.paigesoftware.BudgetApp;
				PRODUCT_NAME = "$(TARGET_NAME)";
				SWIFT_EMIT_LOC_STRINGS = YES;
				SWIFT_VERSION = 5.0;
				TARGETED_DEVICE_FAMILY = "1,2";
			};
			name = Release;
		};
/* End XCBuildConfiguration section */

/* Begin XCConfigurationList section */
		C4972336296EDDCD00593AF2 /* Build configuration list for PBXProject "BudgetApp" */ = {
			isa = XCConfigurationList;
			buildConfigurations = (
				C4972347296EDDCD00593AF2 /* Debug */,
				C4972348296EDDCD00593AF2 /* Release */,
			);
			defaultConfigurationIsVisible = 0;
			defaultConfigurationName = Release;
		};
		C4972349296EDDCD00593AF2 /* Build configuration list for PBXNativeTarget "BudgetApp" */ = {
			isa = XCConfigurationList;
			buildConfigurations = (
				C497234A296EDDCD00593AF2 /* Debug */,
				C497234B296EDDCD00593AF2 /* Release */,
			);
			defaultConfigurationIsVisible = 0;
			defaultConfigurationName = Release;
		};
/* End XCConfigurationList section */

/* Begin XCVersionGroup section */
		C497234C296EE23600593AF2 /* BudgetModel.xcdatamodeld */ = {
			isa = XCVersionGroup;
			children = (
				C497234D296EE23600593AF2 /* BudgetModel.xcdatamodel */,
			);
			currentVersion = C497234D296EE23600593AF2 /* BudgetModel.xcdatamodel */;
			path = BudgetModel.xcdatamodeld;
			sourceTree = "<group>";
			versionGroupType = wrapper.xcdatamodel;
		};
/* End XCVersionGroup section */
	};
	rootObject = C4972333296EDDCD00593AF2 /* Project object */;
}
